
Microsoft Visual Studio Solution File, Format Version 12.00
# Visual Studio 2013
VisualStudioVersion = 12.0.21005.1
MinimumVisualStudioVersion = 10.0.40219.1
Project("{FAE04EC0-301F-11D3-BF4B-00C04F79EFBC}") = "MySnooper", "MySnooper\MySnooper.csproj", "{37CB7098-24B9-4A11-8558-74D341984831}"
EndProject
Project("{6141683F-8A12-4E36-9623-2EB02B2C2303}") = "Setup", "Setup\Setup.isproj", "{5AE1F65E-10D0-44AE-8025-605A14E1AE99}"
EndProject
Project("{FAE04EC0-301F-11D3-BF4B-00C04F79EFBC}") = "Updater", "Updater\Updater.csproj", "{29F759E5-B598-4DBD-8B01-4946DCB7745F}"
EndProject
Project("{FAE04EC0-301F-11D3-BF4B-00C04F79EFBC}") = "WormNat2", "WormNat2\WormNat2.csproj", "{F9241F48-2768-47CC-9B88-D47EBD77B3D2}"
EndProject
Global
	GlobalSection(SolutionConfigurationPlatforms) = preSolution
		CD_ROM|Any CPU = CD_ROM|Any CPU
		Debug|Any CPU = Debug|Any CPU
		DVD-5|Any CPU = DVD-5|Any CPU
		Release|Any CPU = Release|Any CPU
		SingleImage|Any CPU = SingleImage|Any CPU
	EndGlobalSection
	GlobalSection(ProjectConfigurationPlatforms) = postSolution
		{37CB7098-24B9-4A11-8558-74D341984831}.CD_ROM|Any CPU.ActiveCfg = Release|Any CPU
		{37CB7098-24B9-4A11-8558-74D341984831}.CD_ROM|Any CPU.Build.0 = Release|Any CPU
		{37CB7098-24B9-4A11-8558-74D341984831}.Debug|Any CPU.ActiveCfg = Debug|Any CPU
		{37CB7098-24B9-4A11-8558-74D341984831}.Debug|Any CPU.Build.0 = Debug|Any CPU
		{37CB7098-24B9-4A11-8558-74D341984831}.DVD-5|Any CPU.ActiveCfg = Debug|Any CPU
		{37CB7098-24B9-4A11-8558-74D341984831}.DVD-5|Any CPU.Build.0 = Debug|Any CPU
		{37CB7098-24B9-4A11-8558-74D341984831}.Release|Any CPU.ActiveCfg = Release|Any CPU
		{37CB7098-24B9-4A11-8558-74D341984831}.Release|Any CPU.Build.0 = Release|Any CPU
		{37CB7098-24B9-4A11-8558-74D341984831}.SingleImage|Any CPU.ActiveCfg = Release|Any CPU
		{37CB7098-24B9-4A11-8558-74D341984831}.SingleImage|Any CPU.Build.0 = Release|Any CPU
		{5AE1F65E-10D0-44AE-8025-605A14E1AE99}.CD_ROM|Any CPU.ActiveCfg = CD_ROM
		{5AE1F65E-10D0-44AE-8025-605A14E1AE99}.CD_ROM|Any CPU.Build.0 = CD_ROM
		{5AE1F65E-10D0-44AE-8025-605A14E1AE99}.Debug|Any CPU.ActiveCfg = DVD-5
		{5AE1F65E-10D0-44AE-8025-605A14E1AE99}.Debug|Any CPU.Build.0 = DVD-5
		{5AE1F65E-10D0-44AE-8025-605A14E1AE99}.DVD-5|Any CPU.ActiveCfg = DVD-5
		{5AE1F65E-10D0-44AE-8025-605A14E1AE99}.DVD-5|Any CPU.Build.0 = DVD-5
		{5AE1F65E-10D0-44AE-8025-605A14E1AE99}.Release|Any CPU.ActiveCfg = SingleImage
		{5AE1F65E-10D0-44AE-8025-605A14E1AE99}.Release|Any CPU.Build.0 = SingleImage
		{5AE1F65E-10D0-44AE-8025-605A14E1AE99}.SingleImage|Any CPU.ActiveCfg = SingleImage
		{5AE1F65E-10D0-44AE-8025-605A14E1AE99}.SingleImage|Any CPU.Build.0 = SingleImage
		{29F759E5-B598-4DBD-8B01-4946DCB7745F}.CD_ROM|Any CPU.ActiveCfg = Release|Any CPU
		{29F759E5-B598-4DBD-8B01-4946DCB7745F}.CD_ROM|Any CPU.Build.0 = Release|Any CPU
		{29F759E5-B598-4DBD-8B01-4946DCB7745F}.Debug|Any CPU.ActiveCfg = Debug|Any CPU
		{29F759E5-B598-4DBD-8B01-4946DCB7745F}.Debug|Any CPU.Build.0 = Debug|Any CPU
		{29F759E5-B598-4DBD-8B01-4946DCB7745F}.DVD-5|Any CPU.ActiveCfg = Debug|Any CPU
		{29F759E5-B598-4DBD-8B01-4946DCB7745F}.DVD-5|Any CPU.Build.0 = Debug|Any CPU
		{29F759E5-B598-4DBD-8B01-4946DCB7745F}.Release|Any CPU.ActiveCfg = Release|Any CPU
		{29F759E5-B598-4DBD-8B01-4946DCB7745F}.Release|Any CPU.Build.0 = Release|Any CPU
		{29F759E5-B598-4DBD-8B01-4946DCB7745F}.SingleImage|Any CPU.ActiveCfg = Release|Any CPU
		{29F759E5-B598-4DBD-8B01-4946DCB7745F}.SingleImage|Any CPU.Build.0 = Release|Any CPU
		{F9241F48-2768-47CC-9B88-D47EBD77B3D2}.CD_ROM|Any CPU.ActiveCfg = Release|Any CPU
		{F9241F48-2768-47CC-9B88-D47EBD77B3D2}.CD_ROM|Any CPU.Build.0 = Release|Any CPU
		{F9241F48-2768-47CC-9B88-D47EBD77B3D2}.Debug|Any CPU.ActiveCfg = Debug|Any CPU
		{F9241F48-2768-47CC-9B88-D47EBD77B3D2}.Debug|Any CPU.Build.0 = Debug|Any CPU
		{F9241F48-2768-47CC-9B88-D47EBD77B3D2}.DVD-5|Any CPU.ActiveCfg = Debug|Any CPU
		{F9241F48-2768-47CC-9B88-D47EBD77B3D2}.DVD-5|Any CPU.Build.0 = Debug|Any CPU
		{F9241F48-2768-47CC-9B88-D47EBD77B3D2}.Release|Any CPU.ActiveCfg = Release|Any CPU
		{F9241F48-2768-47CC-9B88-D47EBD77B3D2}.Release|Any CPU.Build.0 = Release|Any CPU
		{F9241F48-2768-47CC-9B88-D47EBD77B3D2}.SingleImage|Any CPU.ActiveCfg = Release|Any CPU
		{F9241F48-2768-47CC-9B88-D47EBD77B3D2}.SingleImage|Any CPU.Build.0 = Release|Any CPU
	EndGlobalSection
	GlobalSection(SolutionProperties) = preSolution
		HideSolutionNode = FALSE
	EndGlobalSection
EndGlobal
